antlr4-python3-runtime==4.9.3
attrs==26.1.0
cattrs==26.2.1
certifi==2026.7.22
charset-normalizer==3.5.2
cloudpickle==3.1.2
cmake==3.31.10
coremltools==9.0
einops==0.8.2
executorch==1.5.1
expecttest==0.3.0
filelock==4.0.8
flatbuffers==25.12.19
fsspec==2026.9.0
fugashi==1.5.1
hf-xet==1.6.0
huggingface-hub==0.36.2
hydra-core==1.3.7
hypothesis==6.168.5
idna==3.20
iopath==0.1.10
jinja2==3.1.6
joblib==1.6.0
kgb==7.3
markupsafe==3.0.3
mpmath==1.3.0
narwhals==2.26.0
networkx==3.7
numpy==2.5.3
omegaconf==2.3.1
opencv-python-headless==5.0.0.93
packaging==26.3
pandas==3.0.6
parameterized==0.9.0
pillow==12.3.0
portalocker==4.4.0
protobuf==7.36.2
py-cpuinfo==9.0.0
pyaml==26.7.0
pyclipper==1.4.0
python-dateutil==2.9.0.post0
pytorch-tokenizers==1.5.0
pyyaml==6.0.3
regex==2026.9.29
requests==2.34.2
ruamel-yaml==0.19.1
safetensors==0.8.0
sam-2 @ git+https://github.com/facebookresearch/sam2@2b90b9f5ceec907a1c18123530e92e794ad901a4
scikit-learn==1.9.1
scipy==1.18.1
sentencepiece==0.2.1
setuptools==78.1.0
six==1.17.0
sortedcontainers==2.4.0
spandrel==0.4.2
sympy==1.14.0
tabulate==0.10.0
threadpoolctl==3.7.0
tiktoken==0.14.0
tokenizers==0.22.2
torch==2.14.0+cpu
torchao==0.18.0
torchvision==0.29.0+cpu
tqdm==4.70.1
transformers==4.57.6
typing-extensions==4.16.0
unidic-lite==1.0.8
urllib3==2.8.0
zstd==1.5.7.2
